
Microsoft Visual Studio Solution File, Format Version 12.00
# Visual Studio Version 17
VisualStudioVersion = 17.3.32804.467
MinimumVisualStudioVersion = 10.0.40219.1
Project("{FAE04EC0-301F-11D3-BF4B-00C04F79EFBC}") = "DucksSheds", "DucksSheds.csproj", "{1D133232-B16E-4929-B17B-A6A15BA3EBFE}"
EndProject
Project("{FAE04EC0-301F-11D3-BF4B-00C04F79EFBC}") = "DucksShedsTest", "..\DucksShedsTest\DucksShedsTest.csproj", "{67D861D1-0A81-418A-972A-2F134F34BC1D}"
EndProject
Global
	GlobalSection(SolutionConfigurationPlatforms) = preSolution
		Debug|Any CPU = Debug|Any CPU
		Release|Any CPU = Release|Any CPU
	EndGlobalSection
	GlobalSection(ProjectConfigurationPlatforms) = postSolution
		{1D133232-B16E-4929-B17B-A6A15BA3EBFE}.Debug|Any CPU.ActiveCfg = Debug|Any CPU
		{1D133232-B16E-4929-B17B-A6A15BA3EBFE}.Debug|Any CPU.Build.0 = Debug|Any CPU
		{1D133232-B16E-4929-B17B-A6A15BA3EBFE}.Release|Any CPU.ActiveCfg = Release|Any CPU
		{1D133232-B16E-4929-B17B-A6A15BA3EBFE}.Release|Any CPU.Build.0 = Release|Any CPU
		{67D861D1-0A81-418A-972A-2F134F34BC1D}.Debug|Any CPU.ActiveCfg = Debug|Any CPU
		{67D861D1-0A81-418A-972A-2F134F34BC1D}.Debug|Any CPU.Build.0 = Debug|Any CPU
		{67D861D1-0A81-418A-972A-2F134F34BC1D}.Release|Any CPU.ActiveCfg = Release|Any CPU
		{67D861D1-0A81-418A-972A-2F134F34BC1D}.Release|Any CPU.Build.0 = Release|Any CPU
	EndGlobalSection
	GlobalSection(SolutionProperties) = preSolution
		HideSolutionNode = FALSE
	EndGlobalSection
	GlobalSection(ExtensibilityGlobals) = postSolution
		SolutionGuid = {D3A6AA8E-4AF2-4446-8147-09C5BDFB790B}
	EndGlobalSection
EndGlobal
